# This file was autogenerated by Stack.
# You should not edit this file by hand.
# For more information, please see the documentation at:
#   https://docs.haskellstack.org/en/stable/lock_files

packages:
- completed:
    hackage: binary-instances-1@sha256:b17565598b8df3241f9b46fa8e3a3368ecc8e3f2eb175d7c28f319042a6f5c79,2613
    pantry-tree:
      size: 1035
      sha256: 938ffc6990cac12681c657f7afa93737eecf335e6f0212d8c0b7c1ea3e0f40f4
  original:
    hackage: binary-instances-1
- completed:
    hackage: interactive-plot-0.1.0.0@sha256:27273b3baad63c369fc4e592126d7e7c5583dc8a9d7c3c716dd307bc038b2061,1844
    pantry-tree:
      size: 585
      sha256: 9bcc674e4c3afe3923dd004d9c23dde70c221a4deb509887d88760ccbdf4d9af
  original:
    hackage: interactive-plot-0.1.0.0
snapshots:
- completed:
    size: 499796
    url: https://raw.githubusercontent.com/commercialhaskell/stackage-snapshots/master/nightly/2020/3/14.yaml
    sha256: 1ba87b2186b3b045df180ab339dd5bfff25509800f5c42e4ac28085ef75ef8c3
  original: nightly-2020-03-14
